
Microsoft Visual Studio Solution File, Format Version 12.00
# Visual Studio Version 17
VisualStudioVersion = 17.4.33213.308
MinimumVisualStudioVersion = 10.0.40219.1
Project("{FAE04EC0-301F-11D3-BF4B-00C04F79EFBC}") = "TresCSharp", "TresCSharp\TresCSharp.csproj", "{27EE655E-F21D-4B5C-BDF3-9BD7082718A3}"
EndProject
Global
	GlobalSection(SolutionConfigurationPlatforms) = preSolution
		Debug|Any CPU = Debug|Any CPU
		Release|Any CPU = Release|Any CPU
	EndGlobalSection
	GlobalSection(ProjectConfigurationPlatforms) = postSolution
		{27EE655E-F21D-4B5C-BDF3-9BD7082718A3}.Debug|Any CPU.ActiveCfg = Debug|Any CPU
		{27EE655E-F21D-4B5C-BDF3-9BD7082718A3}.Debug|Any CPU.Build.0 = Debug|Any CPU
		{27EE655E-F21D-4B5C-BDF3-9BD7082718A3}.Release|Any CPU.ActiveCfg = Release|Any CPU
		{27EE655E-F21D-4B5C-BDF3-9BD7082718A3}.Release|Any CPU.Build.0 = Release|Any CPU
	EndGlobalSection
	GlobalSection(SolutionProperties) = preSolution
		HideSolutionNode = FALSE
	EndGlobalSection
	GlobalSection(ExtensibilityGlobals) = postSolution
		SolutionGuid = {2A12D2BF-E19D-4419-8491-ED20497C993F}
	EndGlobalSection
EndGlobal
